// !$*UTF8*$!
{
	archiveVersion = 1;
	classes = {
	};
	objectVersion = 48;
	objects = {

/* Begin PBXBuildFile section */
		0B3EA8BA1FA7CAA300D4BA63 /* AppDelegate.swift in Sources */ = {isa = PBXBuildFile; fileRef = 0B3EA8B91FA7CAA300D4BA63 /* AppDelegate.swift */; };
		0B3EA8BC1FA7CAA300D4BA63 /* ViewController.swift in Sources */ = {isa = PBXBuildFile; fileRef = 0B3EA8BB1FA7CAA300D4BA63 /* ViewController.swift */; };
		0B3EA8BF1FA7CAA300D4BA63 /* Main.storyboard in Resources */ = {isa = PBXBuildFile; fileRef = 0B3EA8BD1FA7CAA300D4BA63 /* Main.storyboard */; };
		0B3EA8C11FA7CAA300D4BA63 /* Assets.xcassets in Resources */ = {isa = PBXBuildFile; fileRef = 0B3EA8C01FA7CAA300D4BA63 /* Assets.xcassets */; };
		0B3EA8C41FA7CAA300D4BA63 /* LaunchScreen.storyboard in Resources */ = {isa = PBXBuildFile; fileRef = 0B3EA8C21FA7CAA300D4BA63 /* LaunchScreen.storyboard */; };
		0B3EA8CF1FA7CAA300D4BA63 /* TodoTests.swift in Sources */ = {isa = PBXBuildFile; fileRef = 0B3EA8CE1FA7CAA300D4BA63 /* TodoTests.swift */; };
		0B3EA8DA1FA7CAA400D4BA63 /* TodoUITests.swift in Sources */ = {isa = PBXBuildFile; fileRef = 0B3EA8D91FA7CAA400D4BA63 /* TodoUITests.swift */; };
/* End PBXBuildFile section */

/* Begin PBXContainerItemProxy section */
		0B3EA8CB1FA7CAA300D4BA63 /* PBXContainerItemProxy */ = {
			isa = PBXContainerItemProxy;
			containerPortal = 0B3EA8AE1FA7CAA300D4BA63 /* Project object */;
			proxyType = 1;
			remoteGlobalIDString = 0B3EA8B51FA7CAA300D4BA63;
			remoteInfo = Todo;
		};
		0B3EA8D61FA7CAA400D4BA63 /* PBXContainerItemProxy */ = {
			isa = PBXContainerItemProxy;
			containerPortal = 0B3EA8AE1FA7CAA300D4BA63 /* Project object */;
			proxyType = 1;
			remoteGlobalIDString = 0B3EA8B51FA7CAA300D4BA63;
			remoteInfo = Todo;
		};
/* End PBXContainerItemProxy section */

/* Begin PBXFileReference section */
		0B3EA8B61FA7CAA300D4BA63 /* Todo.app */ = {isa = PBXFileReference; explicitFileType = wrapper.application; includeInIndex = 0; path = Todo.app; sourceTree = BUILT_PRODUCTS_DIR; };
		0B3EA8B91FA7CAA300D4BA63 /* AppDelegate.swift */ = {isa = PBXFileReference; lastKnownFileType = sourcecode.swift; path = AppDelegate.swift; sourceTree = "<group>"; };
		0B3EA8BB1FA7CAA300D4BA63 /* ViewController.swift */ = {isa = PBXFileReference; lastKnownFileType = sourcecode.swift; path = ViewController.swift; sourceTree = "<group>"; };
		0B3EA8BE1FA7CAA300D4BA63 /* Base */ = {isa = PBXFileReference; lastKnownFileType = file.storyboard; name = Base; path = Base.lproj/Main.storyboard; sourceTree = "<group>"; };
		0B3EA8C01FA7CAA300D4BA63 /* Assets.xcassets */ = {isa = PBXFileReference; lastKnownFileType = folder.assetcatalog; path = Assets.xcassets; sourceTree = "<group>"; };
		0B3EA8C31FA7CAA300D4BA63 /* Base */ = {isa = PBXFileReference; lastKnownFileType = file.storyboard; name = Base; path = Base.lproj/LaunchScreen.storyboard; sourceTree = "<group>"; };
		0B3EA8C51FA7CAA300D4BA63 /* Info.plist */ = {isa = PBXFileReference; lastKnownFileType = text.plist.xml; path = Info.plist; sourceTree = "<group>"; };
		0B3EA8CA1FA7CAA300D4BA63 /* TodoTests.xctest */ = {isa = PBXFileReference; explicitFileType = wrapper.cfbundle; includeInIndex = 0; path = TodoTests.xctest; sourceTree = BUILT_PRODUCTS_DIR; };
		0B3EA8CE1FA7CAA300D4BA63 /* TodoTests.swift */ = {isa = PBXFileReference; lastKnownFileType = sourcecode.swift; path = TodoTests.swift; sourceTree = "<group>"; };
		0B3EA8D01FA7CAA300D4BA63 /* Info.plist */ = {isa = PBXFileReference; lastKnownFileType = text.plist.xml; path = Info.plist; sourceTree = "<group>"; };
		0B3EA8D51FA7CAA400D4BA63 /* TodoUITests.xctest */ = {isa = PBXFileReference; explicitFileType = wrapper.cfbundle; includeInIndex = 0; path = TodoUITests.xctest; sourceTree = BUILT_PRODUCTS_DIR; };
		0B3EA8D91FA7CAA400D4BA63 /* TodoUITests.swift */ = {isa = PBXFileReference; lastKnownFileType = sourcecode.swift; path = TodoUITests.swift; sourceTree = "<group>"; };
		0B3EA8DB1FA7CAA400D4BA63 /* Info.plist */ = {isa = PBXFileReference; lastKnownFileType = text.plist.xml; path = Info.plist; sourceTree = "<group>"; };
/* End PBXFileReference section */

/* Begin PBXFrameworksBuildPhase section */
		0B3EA8B31FA7CAA300D4BA63 /* Frameworks */ = {
			isa = PBXFrameworksBuildPhase;
			buildActionMask = 2147483647;
			files = (
			);
			runOnlyForDeploymentPostprocessing = 0;
		};
		0B3EA8C71FA7CAA300D4BA63 /* Frameworks */ = {
			isa = PBXFrameworksBuildPhase;
			buildActionMask = 2147483647;
			files = (
			);
			runOnlyForDeploymentPostprocessing = 0;
		};
		0B3EA8D21FA7CAA400D4BA63 /* Frameworks */ = {
			isa = PBXFrameworksBuildPhase;
			buildActionMask = 2147483647;
			files = (
			);
			runOnlyForDeploymentPostprocessing = 0;
		};
/* End PBXFrameworksBuildPhase section */

/* Begin PBXGroup section */
		0B3EA8AD1FA7CAA300D4BA63 = {
			isa = PBXGroup;
			children = (
				0B3EA8B81FA7CAA300D4BA63 /* Todo */,
				0B3EA8CD1FA7CAA300D4BA63 /* TodoTests */,
				0B3EA8D81FA7CAA400D4BA63 /* TodoUITests */,
				0B3EA8B71FA7CAA300D4BA63 /* Products */,
			);
			sourceTree = "<group>";
		};
		0B3EA8B71FA7CAA300D4BA63 /* Products */ = {
			isa = PBXGroup;
			children = (
				0B3EA8B61FA7CAA300D4BA63 /* Todo.app */,
				0B3EA8CA1FA7CAA300D4BA63 /* TodoTests.xctest */,
				0B3EA8D51FA7CAA400D4BA63 /* TodoUITests.xctest */,
			);
			name = Products;
			sourceTree = "<group>";
		};
		0B3EA8B81FA7CAA300D4BA63 /* Todo */ = {
			isa = PBXGroup;
			children = (
				0B3EA8B91FA7CAA300D4BA63 /* AppDelegate.swift */,
				0B3EA8BB1FA7CAA300D4BA63 /* ViewController.swift */,
				0B3EA8BD1FA7CAA300D4BA63 /* Main.storyboard */,
				0B3EA8C01FA7CAA300D4BA63 /* Assets.xcassets */,
				0B3EA8C21FA7CAA300D4BA63 /* LaunchScreen.storyboard */,
				0B3EA8C51FA7CAA300D4BA63 /* Info.plist */,
			);
			path = Todo;
			sourceTree = "<group>";
		};
		0B3EA8CD1FA7CAA300D4BA63 /* TodoTests */ = {
			isa = PBXGroup;
			children = (
				0B3EA8CE1FA7CAA300D4BA63 /* TodoTests.swift */,
				0B3EA8D01FA7CAA300D4BA63 /* Info.plist */,
			);
			path = TodoTests;
			sourceTree = "<group>";
		};
		0B3EA8D81FA7CAA400D4BA63 /* TodoUITests */ = {
			isa = PBXGroup;
			children = (
				0B3EA8D91FA7CAA400D4BA63 /* TodoUITests.swift */,
				0B3EA8DB1FA7CAA400D4BA63 /* Info.plist */,
			);
			path = TodoUITests;
			sourceTree = "<group>";
		};
/* End PBXGroup section */

/* Begin PBXNativeTarget section */
		0B3EA8B51FA7CAA300D4BA63 /* Todo */ = {
			isa = PBXNativeTarget;
			buildConfigurationList = 0B3EA8DE1FA7CAA400D4BA63 /* Build configuration list for PBXNativeTarget "Todo" */;
			buildPhases = (
				0B3EA8B21FA7CAA300D4BA63 /* Sources */,
				0B3EA8B31FA7CAA300D4BA63 /* Frameworks */,
				0B3EA8B41FA7CAA300D4BA63 /* Resources */,
			);
			buildRules = (
			);
			dependencies = (
			);
			name = Todo;
			productName = Todo;
			productReference = 0B3EA8B61FA7CAA300D4BA63 /* Todo.app */;
			productType = "com.apple.product-type.application";
		};
		0B3EA8C91FA7CAA300D4BA63 /* TodoTests */ = {
			isa = PBXNativeTarget;
			buildConfigurationList = 0B3EA8E11FA7CAA400D4BA63 /* Build configuration list for PBXNativeTarget "TodoTests" */;
			buildPhases = (
				0B3EA8C61FA7CAA300D4BA63 /* Sources */,
				0B3EA8C71FA7CAA300D4BA63 /* Frameworks */,
				0B3EA8C81FA7CAA300D4BA63 /* Resources */,
			);
			buildRules = (
			);
			dependencies = (
				0B3EA8CC1FA7CAA300D4BA63 /* PBXTargetDependency */,
			);
			name = TodoTests;
			productName = TodoTests;
			productReference = 0B3EA8CA1FA7CAA300D4BA63 /* TodoTests.xctest */;
			productType = "com.apple.product-type.bundle.unit-test";
		};
		0B3EA8D41FA7CAA400D4BA63 /* TodoUITests */ = {
			isa = PBXNativeTarget;
			buildConfigurationList = 0B3EA8E41FA7CAA400D4BA63 /* Build configuration list for PBXNativeTarget "TodoUITests" */;
			buildPhases = (
				0B3EA8D11FA7CAA400D4BA63 /* Sources */,
				0B3EA8D21FA7CAA400D4BA63 /* Frameworks */,
				0B3EA8D31FA7CAA400D4BA63 /* Resources */,
			);
			buildRules = (
			);
			dependencies = (
				0B3EA8D71FA7CAA400D4BA63 /* PBXTargetDependency */,
			);
			name = TodoUITests;
			productName = TodoUITests;
			productReference = 0B3EA8D51FA7CAA400D4BA63 /* TodoUITests.xctest */;
			productType = "com.apple.product-type.bundle.ui-testing";
		};
/* End PBXNativeTarget section */

/* Begin PBXProject section */
		0B3EA8AE1FA7CAA300D4BA63 /* Project object */ = {
			isa = PBXProject;
			attributes = {
				LastSwiftUpdateCheck = 0900;
				LastUpgradeCheck = 0900;
				ORGANIZATIONNAME = "Aman Bhullar";
				TargetAttributes = {
					0B3EA8B51FA7CAA300D4BA63 = {
						CreatedOnToolsVersion = 9.0.1;
						ProvisioningStyle = Automatic;
					};
					0B3EA8C91FA7CAA300D4BA63 = {
						CreatedOnToolsVersion = 9.0.1;
						ProvisioningStyle = Automatic;
						TestTargetID = 0B3EA8B51FA7CAA300D4BA63;
					};
					0B3EA8D41FA7CAA400D4BA63 = {
						CreatedOnToolsVersion = 9.0.1;
						ProvisioningStyle = Automatic;
						TestTargetID = 0B3EA8B51FA7CAA300D4BA63;
					};
				};
			};
			buildConfigurationList = 0B3EA8B11FA7CAA300D4BA63 /* Build configuration list for PBXProject "Todo" */;
			compatibilityVersion = "Xcode 8.0";
			developmentRegion = en;
			hasScannedForEncodings = 0;
			knownRegions = (
				en,
				Base,
			);
			mainGroup = 0B3EA8AD1FA7CAA300D4BA63;
			productRefGroup = 0B3EA8B71FA7CAA300D4BA63 /* Products */;
			projectDirPath = "";
			projectRoot = "";
			targets = (
				0B3EA8B51FA7CAA300D4BA63 /* Todo */,
				0B3EA8C91FA7CAA300D4BA63 /* TodoTests */,
				0B3EA8D41FA7CAA400D4BA63 /* TodoUITests */,
			);
		};
/* End PBXProject section */

/* Begin PBXResourcesBuildPhase section */
		0B3EA8B41FA7CAA300D4BA63 /* Resources */ = {
			isa = PBXResourcesBuildPhase;
			buildActionMask = 2147483647;
			files = (
				0B3EA8C41FA7CAA300D4BA63 /* LaunchScreen.storyboard in Resources */,
				0B3EA8C11FA7CAA300D4BA63 /* Assets.xcassets in Resources */,
				0B3EA8BF1FA7CAA300D4BA63 /* Main.storyboard in Resources */,
			);
			runOnlyForDeploymentPostprocessing = 0;
		};
		0B3EA8C81FA7CAA300D4BA63 /* Resources */ = {
			isa = PBXResourcesBuildPhase;
			buildActionMask = 2147483647;
			files = (
			);
			runOnlyForDeploymentPostprocessing = 0;
		};
		0B3EA8D31FA7CAA400D4BA63 /* Resources */ = {
			isa = PBXResourcesBuildPhase;
			buildActionMask = 2147483647;
			files = (
			);
			runOnlyForDeploymentPostprocessing = 0;
		};
/* End PBXResourcesBuildPhase section */

/* Begin PBXSourcesBuildPhase section */
		0B3EA8B21FA7CAA300D4BA63 /* Sources */ = {
			isa = PBXSourcesBuildPhase;
			buildActionMask = 2147483647;
			files = (
				0B3EA8BC1FA7CAA300D4BA63 /* ViewController.swift in Sources */,
				0B3EA8BA1FA7CAA300D4BA63 /* AppDelegate.swift in Sources */,
			);
			runOnlyForDeploymentPostprocessing = 0;
		};
		0B3EA8C61FA7CAA300D4BA63 /* Sources */ = {
			isa = PBXSourcesBuildPhase;
			buildActionMask = 2147483647;
			files = (
				0B3EA8CF1FA7CAA300D4BA63 /* TodoTests.swift in Sources */,
			);
			runOnlyForDeploymentPostprocessing = 0;
		};
		0B3EA8D11FA7CAA400D4BA63 /* Sources */ = {
			isa = PBXSourcesBuildPhase;
			buildActionMask = 2147483647;
			files = (
				0B3EA8DA1FA7CAA400D4BA63 /* TodoUITests.swift in Sources */,
			);
			runOnlyForDeploymentPostprocessing = 0;
		};
/* End PBXSourcesBuildPhase section */

/* Begin PBXTargetDependency section */
		0B3EA8CC1FA7CAA300D4BA63 /* PBXTargetDependency */ = {
			isa = PBXTargetDependency;
			target = 0B3EA8B51FA7CAA300D4BA63 /* Todo */;
			targetProxy = 0B3EA8CB1FA7CAA300D4BA63 /* PBXContainerItemProxy */;
		};
		0B3EA8D71FA7CAA400D4BA63 /* PBXTargetDependency */ = {
			isa = PBXTargetDependency;
			target = 0B3EA8B51FA7CAA300D4BA63 /* Todo */;
			targetProxy = 0B3EA8D61FA7CAA400D4BA63 /* PBXContainerItemProxy */;
		};
/* End PBXTargetDependency section */

/* Begin PBXVariantGroup section */
		0B3EA8BD1FA7CAA300D4BA63 /* Main.storyboard */ = {
			isa = PBXVariantGroup;
			children = (
				0B3EA8BE1FA7CAA300D4BA63 /* Base */,
			);
			name = Main.storyboard;
			sourceTree = "<group>";
		};
		0B3EA8C21FA7CAA300D4BA63 /* LaunchScreen.storyboard */ = {
			isa = PBXVariantGroup;
			children = (
				0B3EA8C31FA7CAA300D4BA63 /* Base */,
			);
			name = LaunchScreen.storyboard;
			sourceTree = "<group>";
		};
/* End PBXVariantGroup section */

/* Begin XCBuildConfiguration section */
		0B3EA8DC1FA7CAA400D4BA63 /* Debug */ = {
			isa = XCBuildConfiguration;
			buildSettings = {
				ALWAYS_SEARCH_USER_PATHS = NO;
				CLANG_ANALYZER_NONNULL = YES;
				CLANG_ANALYZER_NUMBER_OBJECT_CONVERSION = YES_AGGRESSIVE;
				CLANG_CXX_LANGUAGE_STANDARD = "gnu++14";
				CLANG_CXX_LIBRARY = "libc++";
				CLANG_ENABLE_MODULES = YES;
				CLANG_ENABLE_OBJC_ARC = YES;
				CLANG_WARN_BLOCK_CAPTURE_AUTORELEASING = YES;
				CLANG_WARN_BOOL_CONVERSION = YES;
				CLANG_WARN_COMMA = YES;
				CLANG_WARN_CONSTANT_CONVERSION = YES;
				CLANG_WARN_DIRECT_OBJC_ISA_USAGE = YES_ERROR;
				CLANG_WARN_DOCUMENTATION_COMMENTS = YES;
				CLANG_WARN_EMPTY_BODY = YES;
				CLANG_WARN_ENUM_CONVERSION = YES;
				CLANG_WARN_INFINITE_RECURSION = YES;
				CLANG_WARN_INT_CONVERSION = YES;
				CLANG_WARN_NON_LITERAL_NULL_CONVERSION = YES;
				CLANG_WARN_OBJC_LITERAL_CONVERSION = YES;
				CLANG_WARN_OBJC_ROOT_CLASS = YES_ERROR;
				CLANG_WARN_RANGE_LOOP_ANALYSIS = YES;
				CLANG_WARN_STRICT_PROTOTYPES = YES;
				CLANG_WARN_SUSPICIOUS_MOVE = YES;
				CLANG_WARN_UNGUARDED_AVAILABILITY = YES_AGGRESSIVE;
				CLANG_WARN_UNREACHABLE_CODE = YES;
				CLANG_WARN__DUPLICATE_METHOD_MATCH = YES;
				CODE_SIGN_IDENTITY = "iPhone Developer";
				COPY_PHASE_STRIP = NO;
				DEBUG_INFORMATION_FORMAT = dwarf;
				ENABLE_STRICT_OBJC_MSGSEND = YES;
				ENABLE_TESTABILITY = YES;
				GCC_C_LANGUAGE_STANDARD = gnu11;
				GCC_DYNAMIC_NO_PIC = NO;
				GCC_NO_COMMON_BLOCKS = YES;
				GCC_OPTIMIZATION_LEVEL = 0;
				GCC_PREPROCESSOR_DEFINITIONS = (
					"DEBUG=1",
					"$(inherited)",
				);
				GCC_WARN_64_TO_32_BIT_CONVERSION = YES;
				GCC_WARN_ABOUT_RETURN_TYPE = YES_ERROR;
				GCC_WARN_UNDECLARED_SELECTOR = YES;
				GCC_WARN_UNINITIALIZED_AUTOS = YES_AGGRESSIVE;
				GCC_WARN_UNUSED_FUNCTION = YES;
				GCC_WARN_UNUSED_VARIABLE = YES;
				IPHONEOS_DEPLOYMENT_TARGET = 11.0;
				MTL_ENABLE_DEBUG_INFO = YES;
				ONLY_ACTIVE_ARCH = YES;
				SDKROOT = iphoneos;
				SWIFT_ACTIVE_COMPILATION_CONDITIONS = DEBUG;
				SWIFT_OPTIMIZATION_LEVEL = "-Onone";
			};
			name = Debug;
		};
		0B3EA8DD1FA7CAA400D4BA63 /* Release */ = {
			isa = XCBuildConfiguration;
			buildSettings = {
				ALWAYS_SEARCH_USER_PATHS = NO;
				CLANG_ANALYZER_NONNULL = YES;
				CLANG_ANALYZER_NUMBER_OBJECT_CONVERSION = YES_AGGRESSIVE;
				CLANG_CXX_LANGUAGE_STANDARD = "gnu++14";
				CLANG_CXX_LIBRARY = "libc++";
				CLANG_ENABLE_MODULES = YES;
				CLANG_ENABLE_OBJC_ARC = YES;
				CLANG_WARN_BLOCK_CAPTURE_AUTORELEASING = YES;
				CLANG_WARN_BOOL_CONVERSION = YES;
				CLANG_WARN_COMMA = YES;
				CLANG_WARN_CONSTANT_CONVERSION = YES;
				CLANG_WARN_DIRECT_OBJC_ISA_USAGE = YES_ERROR;
				CLANG_WARN_DOCUMENTATION_COMMENTS = YES;
				CLANG_WARN_EMPTY_BODY = YES;
				CLANG_WARN_ENUM_CONVERSION = YES;
				CLANG_WARN_INFINITE_RECURSION = YES;
				CLANG_WARN_INT_CONVERSION = YES;
				CLANG_WARN_NON_LITERAL_NULL_CONVERSION = YES;
				CLANG_WARN_OBJC_LITERAL_CONVERSION = YES;
				CLANG_WARN_OBJC_ROOT_CLASS = YES_ERROR;
				CLANG_WARN_RANGE_LOOP_ANALYSIS = YES;
				CLANG_WARN_STRICT_PROTOTYPES = YES;
				CLANG_WARN_SUSPICIOUS_MOVE = YES;
				CLANG_WARN_UNGUARDED_AVAILABILITY = YES_AGGRESSIVE;
				CLANG_WARN_UNREACHABLE_CODE = YES;
				CLANG_WARN__DUPLICATE_METHOD_MATCH = YES;
				CODE_SIGN_IDENTITY = "iPhone Developer";
				COPY_PHASE_STRIP = NO;
				DEBUG_INFORMATION_FORMAT = "dwarf-with-dsym";
				ENABLE_NS_ASSERTIONS = NO;
				ENABLE_STRICT_OBJC_MSGSEND = YES;
				GCC_C_LANGUAGE_STANDARD = gnu11;
				GCC_NO_COMMON_BLOCKS = YES;
				GCC_WARN_64_TO_32_BIT_CONVERSION = YES;
				GCC_WARN_ABOUT_RETURN_TYPE = YES_ERROR;
				GCC_WARN_UNDECLARED_SELECTOR = YES;
				GCC_WARN_UNINITIALIZED_AUTOS = YES_AGGRESSIVE;
				GCC_WARN_UNUSED_FUNCTION = YES;
				GCC_WARN_UNUSED_VARIABLE = YES;
				IPHONEOS_DEPLOYMENT_TARGET = 11.0;
				MTL_ENABLE_DEBUG_INFO = NO;
				SDKROOT = iphoneos;
				SWIFT_OPTIMIZATION_LEVEL = "-Owholemodule";
				VALIDATE_PRODUCT = YES;
			};
			name = Release;
		};
		0B3EA8DF1FA7CAA400D4BA63 /* Debug */ = {
			isa = XCBuildConfiguration;
			buildSettings = {
				ASSETCATALOG_COMPILER_APPICON_NAME = AppIcon;
				CODE_SIGN_STYLE = Automatic;
				INFOPLIST_FILE = Todo/Info.plist;
				LD_RUNPATH_SEARCH_PATHS = "$(inherited) @executable_path/Frameworks";
				PRODUCT_BUNDLE_IDENTIFIER = com.bhullar.Todo;
				PRODUCT_NAME = "$(TARGET_NAME)";
				SWIFT_VERSION = 4.0;
				TARGETED_DEVICE_FAMILY = "1,2";
			};
			name = Debug;
		};
		0B3EA8E01FA7CAA400D4BA63 /* Release */ = {
			isa = XCBuildConfiguration;
			buildSettings = {
				ASSETCATALOG_COMPILER_APPICON_NAME = AppIcon;
				CODE_SIGN_STYLE = Automatic;
				INFOPLIST_FILE = Todo/Info.plist;
				LD_RUNPATH_SEARCH_PATHS = "$(inherited) @executable_path/Frameworks";
				PRODUCT_BUNDLE_IDENTIFIER = com.bhullar.Todo;
				PRODUCT_NAME = "$(TARGET_NAME)";
				SWIFT_VERSION = 4.0;
				TARGETED_DEVICE_FAMILY = "1,2";
			};
			name = Release;
		};
		0B3EA8E21FA7CAA400D4BA63 /* Debug */ = {
			isa = XCBuildConfiguration;
			buildSettings = {
				ALWAYS_EMBED_SWIFT_STANDARD_LIBRARIES = YES;
				BUNDLE_LOADER = "$(TEST_HOST)";
				CODE_SIGN_STYLE = Automatic;
				INFOPLIST_FILE = TodoTests/Info.plist;
				LD_RUNPATH_SEARCH_PATHS = "$(inherited) @executable_path/Frameworks @loader_path/Frameworks";
				PRODUCT_BUNDLE_IDENTIFIER = com.bhullar.TodoTests;
				PRODUCT_NAME = "$(TARGET_NAME)";
				SWIFT_VERSION = 4.0;
				TARGETED_DEVICE_FAMILY = "1,2";
				TEST_HOST = "$(BUILT_PRODUCTS_DIR)/Todo.app/Todo";
			};
			name = Debug;
		};
		0B3EA8E31FA7CAA400D4BA63 /* Release */ = {
			isa = XCBuildConfiguration;
			buildSettings = {
				ALWAYS_EMBED_SWIFT_STANDARD_LIBRARIES = YES;
				BUNDLE_LOADER = "$(TEST_HOST)";
				CODE_SIGN_STYLE = Automatic;
				INFOPLIST_FILE = TodoTests/Info.plist;
				LD_RUNPATH_SEARCH_PATHS = "$(inherited) @executable_path/Frameworks @loader_path/Frameworks";
				PRODUCT_BUNDLE_IDENTIFIER = com.bhullar.TodoTests;
				PRODUCT_NAME = "$(TARGET_NAME)";
				SWIFT_VERSION = 4.0;
				TARGETED_DEVICE_FAMILY = "1,2";
				TEST_HOST = "$(BUILT_PRODUCTS_DIR)/Todo.app/Todo";
			};
			name = Release;
		};
		0B3EA8E51FA7CAA400D4BA63 /* Debug */ = {
			isa = XCBuildConfiguration;
			buildSettings = {
				ALWAYS_EMBED_SWIFT_STANDARD_LIBRARIES = YES;
				CODE_SIGN_STYLE = Automatic;
				INFOPLIST_FILE = TodoUITests/Info.plist;
				LD_RUNPATH_SEARCH_PATHS = "$(inherited) @executable_path/Frameworks @loader_path/Frameworks";
				PRODUCT_BUNDLE_IDENTIFIER = com.bhullar.TodoUITests;
				PRODUCT_NAME = "$(TARGET_NAME)";
				SWIFT_VERSION = 4.0;
				TARGETED_DEVICE_FAMILY = "1,2";
				TEST_TARGET_NAME = Todo;
			};
			name = Debug;
		};
		0B3EA8E61FA7CAA400D4BA63 /* Release */ = {
			isa = XCBuildConfiguration;
			buildSettings = {
				ALWAYS_EMBED_SWIFT_STANDARD_LIBRARIES = YES;
				CODE_SIGN_STYLE = Automatic;
				INFOPLIST_FILE = TodoUITests/Info.plist;
				LD_RUNPATH_SEARCH_PATHS = "$(inherited) @executable_path/Frameworks @loader_path/Frameworks";
				PRODUCT_BUNDLE_IDENTIFIER = com.bhullar.TodoUITests;
				PRODUCT_NAME = "$(TARGET_NAME)";
				SWIFT_VERSION = 4.0;
				TARGETED_DEVICE_FAMILY = "1,2";
				TEST_TARGET_NAME = Todo;
			};
			name = Release;
		};
/* End XCBuildConfiguration section */

/* Begin XCConfigurationList section */
		0B3EA8B11FA7CAA300D4BA63 /* Build configuration list for PBXProject "Todo" */ = {
			isa = XCConfigurationList;
			buildConfigurations = (
				0B3EA8DC1FA7CAA400D4BA63 /* Debug */,
				0B3EA8DD1FA7CAA400D4BA63 /* Release */,
			);
			defaultConfigurationIsVisible = 0;
			defaultConfigurationName = Release;
		};
		0B3EA8DE1FA7CAA400D4BA63 /* Build configuration list for PBXNativeTarget "Todo" */ = {
			isa = XCConfigurationList;
			buildConfigurations = (
				0B3EA8DF1FA7CAA400D4BA63 /* Debug */,
				0B3EA8E01FA7CAA400D4BA63 /* Release */,
			);
			defaultConfigurationIsVisible = 0;
			defaultConfigurationName = Release;
		};
		0B3EA8E11FA7CAA400D4BA63 /* Build configuration list for PBXNativeTarget "TodoTests" */ = {
			isa = XCConfigurationList;
			buildConfigurations = (
				0B3EA8E21FA7CAA400D4BA63 /* Debug */,
				0B3EA8E31FA7CAA400D4BA63 /* Release */,
			);
			defaultConfigurationIsVisible = 0;
			defaultConfigurationName = Release;
		};
		0B3EA8E41FA7CAA400D4BA63 /* Build configuration list for PBXNativeTarget "TodoUITests" */ = {
			isa = XCConfigurationList;
			buildConfigurations = (
				0B3EA8E51FA7CAA400D4BA63 /* Debug */,
				0B3EA8E61FA7CAA400D4BA63 /* Release */,
			);
			defaultConfigurationIsVisible = 0;
			defaultConfigurationName = Release;
		};
/* End XCConfigurationList section */
	};
	rootObject = 0B3EA8AE1FA7CAA300D4BA63 /* Project object */;
}
